
Microsoft Visual Studio Solution File, Format Version 12.00
# Visual Studio Version 17
VisualStudioVersion = 17.0.31919.166
MinimumVisualStudioVersion = 10.0.40219.1
Project("{9A19103F-16F7-4668-BE54-9A1E7A4F7556}") = "Arasaka.Member.Api", "Arasaka.Member.Api\Arasaka.Member.Api.csproj", "{1D9E66A8-28C7-4BD5-8B11-3A1CAD3F23B9}"
EndProject
Project("{2150E333-8FDC-42A3-9474-1A3956D46DE8}") = "server-side", "server-side", "{E666DF24-EC82-4864-9D2B-C37C49821E0B}"
EndProject
Project("{2150E333-8FDC-42A3-9474-1A3956D46DE8}") = "client-side", "client-side", "{B8E03BC4-31B0-412A-8582-9D7A15BF9AC7}"
EndProject
Project("{9A19103F-16F7-4668-BE54-9A1E7A4F7556}") = "Arasaka.Member.ClientSDK", "Arasaka.Member.ClientSDK\Arasaka.Member.ClientSDK.csproj", "{43820BDC-6CB6-46CA-AC9C-43C0B4EDAC61}"
EndProject
Project("{9A19103F-16F7-4668-BE54-9A1E7A4F7556}") = "Arasaka.Member.ClientApp", "Arasaka.Member.ClientApp\Arasaka.Member.ClientApp.csproj", "{03E1BF9E-9E61-476E-9949-4B35C7621823}"
EndProject
Project("{FAE04EC0-301F-11D3-BF4B-00C04F79EFBC}") = "Arasaka.Member.ClientApp.Test", "Arasaka.Member.ClientSDK.Test\Arasaka.Member.ClientApp.Test.csproj", "{8385E8F5-3EC2-4BF3-8916-77922C69FFCD}"
EndProject
Project("{2150E333-8FDC-42A3-9474-1A3956D46DE8}") = "samples", "samples", "{D79D256F-C17A-45DD-9E9D-0B6D3705DE0D}"
EndProject
Global
	GlobalSection(SolutionConfigurationPlatforms) = preSolution
		Debug|Any CPU = Debug|Any CPU
		Release|Any CPU = Release|Any CPU
	EndGlobalSection
	GlobalSection(ProjectConfigurationPlatforms) = postSolution
		{1D9E66A8-28C7-4BD5-8B11-3A1CAD3F23B9}.Debug|Any CPU.ActiveCfg = Debug|Any CPU
		{1D9E66A8-28C7-4BD5-8B11-3A1CAD3F23B9}.Debug|Any CPU.Build.0 = Debug|Any CPU
		{1D9E66A8-28C7-4BD5-8B11-3A1CAD3F23B9}.Release|Any CPU.ActiveCfg = Release|Any CPU
		{1D9E66A8-28C7-4BD5-8B11-3A1CAD3F23B9}.Release|Any CPU.Build.0 = Release|Any CPU
		{43820BDC-6CB6-46CA-AC9C-43C0B4EDAC61}.Debug|Any CPU.ActiveCfg = Debug|Any CPU
		{43820BDC-6CB6-46CA-AC9C-43C0B4EDAC61}.Debug|Any CPU.Build.0 = Debug|Any CPU
		{43820BDC-6CB6-46CA-AC9C-43C0B4EDAC61}.Release|Any CPU.ActiveCfg = Release|Any CPU
		{43820BDC-6CB6-46CA-AC9C-43C0B4EDAC61}.Release|Any CPU.Build.0 = Release|Any CPU
		{03E1BF9E-9E61-476E-9949-4B35C7621823}.Debug|Any CPU.ActiveCfg = Debug|Any CPU
		{03E1BF9E-9E61-476E-9949-4B35C7621823}.Debug|Any CPU.Build.0 = Debug|Any CPU
		{03E1BF9E-9E61-476E-9949-4B35C7621823}.Release|Any CPU.ActiveCfg = Release|Any CPU
		{03E1BF9E-9E61-476E-9949-4B35C7621823}.Release|Any CPU.Build.0 = Release|Any CPU
		{8385E8F5-3EC2-4BF3-8916-77922C69FFCD}.Debug|Any CPU.ActiveCfg = Debug|Any CPU
		{8385E8F5-3EC2-4BF3-8916-77922C69FFCD}.Debug|Any CPU.Build.0 = Debug|Any CPU
		{8385E8F5-3EC2-4BF3-8916-77922C69FFCD}.Release|Any CPU.ActiveCfg = Release|Any CPU
		{8385E8F5-3EC2-4BF3-8916-77922C69FFCD}.Release|Any CPU.Build.0 = Release|Any CPU
	EndGlobalSection
	GlobalSection(SolutionProperties) = preSolution
		HideSolutionNode = FALSE
	EndGlobalSection
	GlobalSection(NestedProjects) = preSolution
		{1D9E66A8-28C7-4BD5-8B11-3A1CAD3F23B9} = {E666DF24-EC82-4864-9D2B-C37C49821E0B}
		{43820BDC-6CB6-46CA-AC9C-43C0B4EDAC61} = {B8E03BC4-31B0-412A-8582-9D7A15BF9AC7}
		{03E1BF9E-9E61-476E-9949-4B35C7621823} = {D79D256F-C17A-45DD-9E9D-0B6D3705DE0D}
		{8385E8F5-3EC2-4BF3-8916-77922C69FFCD} = {D79D256F-C17A-45DD-9E9D-0B6D3705DE0D}
		{D79D256F-C17A-45DD-9E9D-0B6D3705DE0D} = {B8E03BC4-31B0-412A-8582-9D7A15BF9AC7}
	EndGlobalSection
	GlobalSection(ExtensibilityGlobals) = postSolution
		SolutionGuid = {5D5C33E7-A959-4E57-8646-8293FDEA8896}
	EndGlobalSection
EndGlobal
