
Microsoft Visual Studio Solution File, Format Version 12.00
# Visual Studio Version 17
VisualStudioVersion = 17.0.31919.166
MinimumVisualStudioVersion = 10.0.40219.1
Project("{FAE04EC0-301F-11D3-BF4B-00C04F79EFBC}") = "Arasaka.Member.Api", "Arasaka.Member.Api\Arasaka.Member.Api.csproj", "{1D9E66A8-28C7-4BD5-8B11-3A1CAD3F23B9}"
EndProject
Global
	GlobalSection(SolutionConfigurationPlatforms) = preSolution
		Debug|Any CPU = Debug|Any CPU
		Release|Any CPU = Release|Any CPU
	EndGlobalSection
	GlobalSection(ProjectConfigurationPlatforms) = postSolution
		{1D9E66A8-28C7-4BD5-8B11-3A1CAD3F23B9}.Debug|Any CPU.ActiveCfg = Debug|Any CPU
		{1D9E66A8-28C7-4BD5-8B11-3A1CAD3F23B9}.Debug|Any CPU.Build.0 = Debug|Any CPU
		{1D9E66A8-28C7-4BD5-8B11-3A1CAD3F23B9}.Release|Any CPU.ActiveCfg = Release|Any CPU
		{1D9E66A8-28C7-4BD5-8B11-3A1CAD3F23B9}.Release|Any CPU.Build.0 = Release|Any CPU
	EndGlobalSection
	GlobalSection(SolutionProperties) = preSolution
		HideSolutionNode = FALSE
	EndGlobalSection
	GlobalSection(ExtensibilityGlobals) = postSolution
		SolutionGuid = {5D5C33E7-A959-4E57-8646-8293FDEA8896}
	EndGlobalSection
EndGlobal
